# @generated by Move, please check-in and do not edit manually.

[move]
version = 3
manifest_digest = "BD5676765A4F0BD3428A93E144B93FD0320520054BD7D4D67D11429E3CA7D18F"
deps_digest = "F8BBB0CCB2491CA29A3DF03D6F92277A4F3574266507ACD77214D37ECA3F3082"
dependencies = [
  { id = "Sui", name = "Sui" },
]

[[move.package]]
id = "MoveStdlib"
source = { git = "https://github.com/MystenLabs/sui.git", rev = "framework/testnet", subdir = "crates/sui-framework/packages/move-stdlib" }

[[move.package]]
id = "Sui"
source = { git = "https://github.com/MystenLabs/sui.git", rev = "framework/testnet", subdir = "crates/sui-framework/packages/sui-framework" }

dependencies = [
  { id = "MoveStdlib", name = "MoveStdlib" },
]

[move.toolchain-version]
compiler-version = "1.38.0"
edition = "2024.beta"
flavor = "sui"

[env]

[env.testnet]
chain-id = "4c78adac"
original-published-id = "0xdf4842330f35759a7e4f036468f5e8d11d4b47c99feb32660cdd0b4e9717424a"
latest-published-id = "0xdf4842330f35759a7e4f036468f5e8d11d4b47c99feb32660cdd0b4e9717424a"
published-version = "1"
