# @generated by Move, please check-in and do not edit manually.

[move]
version = 3
manifest_digest = "6444169F39D7CDAE347685561F0A819AE1B9F84F75A07DDE4D7D381293BA16E8"
deps_digest = "F8BBB0CCB2491CA29A3DF03D6F92277A4F3574266507ACD77214D37ECA3F3082"
dependencies = [
  { id = "Sui", name = "Sui" },
]

[[move.package]]
id = "MoveStdlib"
source = { git = "https://github.com/MystenLabs/sui.git", rev = "framework/testnet", subdir = "crates/sui-framework/packages/move-stdlib" }

[[move.package]]
id = "Sui"
source = { git = "https://github.com/MystenLabs/sui.git", rev = "framework/testnet", subdir = "crates/sui-framework/packages/sui-framework" }

dependencies = [
  { id = "MoveStdlib", name = "MoveStdlib" },
]

[move.toolchain-version]
compiler-version = "1.38.0"
edition = "2024.beta"
flavor = "sui"

[env]

[env.testnet]
chain-id = "4c78adac"
original-published-id = "0x97543c57669cb51950dbf892700fb91fa93ce8b1592a1e3b69eb0ce525bfc623"
latest-published-id = "0x97543c57669cb51950dbf892700fb91fa93ce8b1592a1e3b69eb0ce525bfc623"
published-version = "1"
